{
  "name": "wiiset-bot",
  "version": "1.0.0",
  "lockfileVersion": 1,
  "requires": true,
  "dependencies": {
    "@types/node": {
      "version": "14.6.0",
      "resolved": "https://registry.npmjs.org/@types/node/-/node-14.6.0.tgz",
      "integrity": "sha512-mikldZQitV94akrc4sCcSjtJfsTKt4p+e/s0AGscVA6XArQ9kFclP+ZiYUMnq987rc6QlYxXv/EivqlfSLxpKA=="
    },
    "@types/node-fetch": {
      "version": "2.5.7",
      "resolved": "https://registry.npmjs.org/@types/node-fetch/-/node-fetch-2.5.7.tgz",
      "integrity": "sha512-o2WVNf5UhWRkxlf6eq+jMZDu7kjgpgJfl4xVNlvryc95O/6F2ld8ztKX+qu+Rjyet93WAWm5LjeX9H5FGkODvw==",
      "requires": {
        "@types/node": "*",
        "form-data": "^3.0.0"
      }
    },
    "@types/pg": {
      "version": "7.14.4",
      "resolved": "https://registry.npmjs.org/@types/pg/-/pg-7.14.4.tgz",
      "integrity": "sha512-yCKVMCcFPZSFHGg+8qjY368uf3ruyDBPjxvOU2ZcGa/vRFo5Ti5Y6z6vl+2hxtwm9VMWUGb6TWkIk3cIV8C0Cw==",
      "requires": {
        "@types/node": "*",
        "@types/pg-types": "*"
      }
    },
    "@types/pg-types": {
      "version": "1.11.5",
      "resolved": "https://registry.npmjs.org/@types/pg-types/-/pg-types-1.11.5.tgz",
      "integrity": "sha512-L8ogeT6vDzT1vxlW3KITTCt+BVXXVkLXfZ/XNm6UqbcJgxf+KPO7yjWx7dQQE8RW07KopL10x2gNMs41+IkMGQ=="
    },
    "@types/ws": {
      "version": "7.2.6",
      "resolved": "https://registry.npmjs.org/@types/ws/-/ws-7.2.6.tgz",
      "integrity": "sha512-Q07IrQUSNpr+cXU4E4LtkSIBPie5GLZyyMC1QtQYRLWz701+XcoVygGUZgvLqElq1nU4ICldMYPnexlBsg3dqQ==",
      "requires": {
        "@types/node": "*"
      }
    },
    "asynckit": {
      "version": "0.4.0",
      "resolved": "https://registry.npmjs.org/asynckit/-/asynckit-0.4.0.tgz",
      "integrity": "sha1-x57Zf380y48robyXkLzDZkdLS3k="
    },
    "buffer-writer": {
      "version": "2.0.0",
      "resolved": "https://registry.npmjs.org/buffer-writer/-/buffer-writer-2.0.0.tgz",
      "integrity": "sha512-a7ZpuTZU1TRtnwyCNW3I5dc0wWNC3VR9S++Ewyk2HHZdrO3CQJqSpd+95Us590V6AL7JqUAH2IwZ/398PmNFgw=="
    },
    "combined-stream": {
      "version": "1.0.8",
      "resolved": "https://registry.npmjs.org/combined-stream/-/combined-stream-1.0.8.tgz",
      "integrity": "sha512-FQN4MRfuJeHf7cBbBMJFXhKSDq+2kAArBlmRBvcvFE5BB1HZKXtSFASDhdlz9zOYwxh8lDdnvmMOe/+5cdoEdg==",
      "requires": {
        "delayed-stream": "~1.0.0"
      }
    },
    "ctgp-rest": {
      "version": "1.0.5",
      "resolved": "https://registry.npmjs.org/ctgp-rest/-/ctgp-rest-1.0.5.tgz",
      "integrity": "sha512-OVFvUHgf23FTUHNwW1XG9QskaKKAh0qr7a88ZX4PqsNTgx+fH+8+PVlWSqmVSaXyNZpawKGzSOU2yLHm6LTbYw==",
      "requires": {
        "@types/node-fetch": "^2.5.7",
        "node-fetch": "^2.6.0"
      }
    },
    "delayed-stream": {
      "version": "1.0.0",
      "resolved": "https://registry.npmjs.org/delayed-stream/-/delayed-stream-1.0.0.tgz",
      "integrity": "sha1-3zrhmayt+31ECqrgsp4icrJOxhk="
    },
    "detritus-client": {
      "version": "0.10.5",
      "resolved": "https://registry.npmjs.org/detritus-client/-/detritus-client-0.10.5.tgz",
      "integrity": "sha512-rtYzBh0RZVVYLTMtF9dofRc1J48T3s/g0EYPUrxdx+jdiBBlVWqXjMiwRqTmdAZ5M1Y0qpvXcqIfAJiqLO9UsQ==",
      "requires": {
        "detritus-client-rest": "^0.7.1",
        "detritus-client-socket": "^0.5.0",
        "detritus-utils": "^0.2.6"
      }
    },
    "detritus-client-rest": {
      "version": "0.7.1",
      "resolved": "https://registry.npmjs.org/detritus-client-rest/-/detritus-client-rest-0.7.1.tgz",
      "integrity": "sha512-+eCcKsXNcBWCzPdvdpob2PeTb4BcIxRnh6/RFQE87guCMfSux8fi1rDNPAGItpGKZ9JmQfDoOPLlATHlTA9yIQ==",
      "requires": {
        "detritus-rest": "^0.4.0",
        "detritus-utils": "^0.2.6"
      }
    },
    "detritus-client-socket": {
      "version": "0.5.1",
      "resolved": "https://registry.npmjs.org/detritus-client-socket/-/detritus-client-socket-0.5.1.tgz",
      "integrity": "sha512-cYvobhp69vrnuwYTrKcI1MjBCLEHiScRMaT5zjWGiQYWjVFeKXTTHUkWsvfdXITCyFxy25NPH0cJXuhaJ+pz4A==",
      "requires": {
        "detritus-utils": "^0.2.6",
        "ws": "^7.3.0"
      }
    },
    "detritus-pagination": {
      "version": "1.2.2",
      "resolved": "https://registry.npmjs.org/detritus-pagination/-/detritus-pagination-1.2.2.tgz",
      "integrity": "sha512-PTPG36mQnDrbhs3rbd2KFgJNUyIxtW+pzW7i2rq7QOYfV/sWDXfvmbJD2LMqSBzEcdXfIKjGImKH2UhDde7puA==",
      "requires": {
        "eventemitter3": "^4.0.0"
      }
    },
    "detritus-rest": {
      "version": "0.4.0",
      "resolved": "https://registry.npmjs.org/detritus-rest/-/detritus-rest-0.4.0.tgz",
      "integrity": "sha512-zJqmHgzjcmNvOOyJv2+YgT664KNIockQPiVrfYWhWayB1FsV92xxgpGi6a5osmUFyal6fGK+bRAwVW6Wj/u36g=="
    },
    "detritus-utils": {
      "version": "0.2.6",
      "resolved": "https://registry.npmjs.org/detritus-utils/-/detritus-utils-0.2.6.tgz",
      "integrity": "sha512-cjeZjmIPew0h4ZP+A9aGizGCNrUyYhSx4FkQXGa3bJ5dNunChSqzUR8a5c2Gq6PIerWldTbh9976WxMw3m6Ejw=="
    },
    "eventemitter3": {
      "version": "4.0.5",
      "resolved": "https://registry.npmjs.org/eventemitter3/-/eventemitter3-4.0.5.tgz",
      "integrity": "sha512-QR0rh0YiPuxuDQ6+T9GAO/xWTExXpxIes1Nl9RykNGTnE1HJmkuEfxJH9cubjIOQZ/GH4qNBR4u8VSHaKiWs4g=="
    },
    "form-data": {
      "version": "3.0.0",
      "resolved": "https://registry.npmjs.org/form-data/-/form-data-3.0.0.tgz",
      "integrity": "sha512-CKMFDglpbMi6PyN+brwB9Q/GOw0eAnsrEZDgcsH5Krhz5Od/haKHAX0NmQfha2zPPz0JpWzA7GJHGSnvCRLWsg==",
      "requires": {
        "asynckit": "^0.4.0",
        "combined-stream": "^1.0.8",
        "mime-types": "^2.1.12"
      }
    },
    "mime-db": {
      "version": "1.44.0",
      "resolved": "https://registry.npmjs.org/mime-db/-/mime-db-1.44.0.tgz",
      "integrity": "sha512-/NOTfLrsPBVeH7YtFPgsVWveuL+4SjjYxaQ1xtM1KMFj7HdxlBlxeyNLzhyJVx7r4rZGJAZ/6lkKCitSc/Nmpg=="
    },
    "mime-types": {
      "version": "2.1.27",
      "resolved": "https://registry.npmjs.org/mime-types/-/mime-types-2.1.27.tgz",
      "integrity": "sha512-JIhqnCasI9yD+SsmkquHBxTSEuZdQX5BuQnS2Vc7puQQQ+8yiP5AY5uWhpdv4YL4VM5c6iliiYWPgJ/nJQLp7w==",
      "requires": {
        "mime-db": "1.44.0"
      }
    },
    "node-fetch": {
      "version": "2.6.0",
      "resolved": "https://registry.npmjs.org/node-fetch/-/node-fetch-2.6.0.tgz",
      "integrity": "sha512-8dG4H5ujfvFiqDmVu9fQ5bOHUC15JMjMY/Zumv26oOvvVJjM67KF8koCWIabKQ1GJIa9r2mMZscBq/TbdOcmNA=="
    },
    "packet-reader": {
      "version": "1.0.0",
      "resolved": "https://registry.npmjs.org/packet-reader/-/packet-reader-1.0.0.tgz",
      "integrity": "sha512-HAKu/fG3HpHFO0AA8WE8q2g+gBJaZ9MG7fcKk+IJPLTGAD6Psw4443l+9DGRbOIh3/aXr7Phy0TjilYivJo5XQ=="
    },
    "pg": {
      "version": "8.3.2",
      "resolved": "https://registry.npmjs.org/pg/-/pg-8.3.2.tgz",
      "integrity": "sha512-hOoRCTriXS+VWwyXHchRjWb9yv3Koq8irlwwXniqhdgK0AbfWvEnybGS2HIUE+UdCSTuYAM4WGPujFpPg9Vcaw==",
      "requires": {
        "buffer-writer": "2.0.0",
        "packet-reader": "1.0.0",
        "pg-connection-string": "^2.3.0",
        "pg-pool": "^3.2.1",
        "pg-protocol": "^1.2.5",
        "pg-types": "^2.1.0",
        "pgpass": "1.x",
        "semver": "4.3.2"
      }
    },
    "pg-connection-string": {
      "version": "2.3.0",
      "resolved": "https://registry.npmjs.org/pg-connection-string/-/pg-connection-string-2.3.0.tgz",
      "integrity": "sha512-ukMTJXLI7/hZIwTW7hGMZJ0Lj0S2XQBCJ4Shv4y1zgQ/vqVea+FLhzywvPj0ujSuofu+yA4MYHGZPTsgjBgJ+w=="
    },
    "pg-int8": {
      "version": "1.0.1",
      "resolved": "https://registry.npmjs.org/pg-int8/-/pg-int8-1.0.1.tgz",
      "integrity": "sha512-WCtabS6t3c8SkpDBUlb1kjOs7l66xsGdKpIPZsg4wR+B3+u9UAum2odSsF9tnvxg80h4ZxLWMy4pRjOsFIqQpw=="
    },
    "pg-pool": {
      "version": "3.2.1",
      "resolved": "https://registry.npmjs.org/pg-pool/-/pg-pool-3.2.1.tgz",
      "integrity": "sha512-BQDPWUeKenVrMMDN9opfns/kZo4lxmSWhIqo+cSAF7+lfi9ZclQbr9vfnlNaPr8wYF3UYjm5X0yPAhbcgqNOdA=="
    },
    "pg-protocol": {
      "version": "1.2.5",
      "resolved": "https://registry.npmjs.org/pg-protocol/-/pg-protocol-1.2.5.tgz",
      "integrity": "sha512-1uYCckkuTfzz/FCefvavRywkowa6M5FohNMF5OjKrqo9PSR8gYc8poVmwwYQaBxhmQdBjhtP514eXy9/Us2xKg=="
    },
    "pg-types": {
      "version": "2.2.0",
      "resolved": "https://registry.npmjs.org/pg-types/-/pg-types-2.2.0.tgz",
      "integrity": "sha512-qTAAlrEsl8s4OiEQY69wDvcMIdQN6wdz5ojQiOy6YRMuynxenON0O5oCpJI6lshc6scgAY8qvJ2On/p+CXY0GA==",
      "requires": {
        "pg-int8": "1.0.1",
        "postgres-array": "~2.0.0",
        "postgres-bytea": "~1.0.0",
        "postgres-date": "~1.0.4",
        "postgres-interval": "^1.1.0"
      }
    },
    "pgpass": {
      "version": "1.0.2",
      "resolved": "https://registry.npmjs.org/pgpass/-/pgpass-1.0.2.tgz",
      "integrity": "sha1-Knu0G2BltnkH6R2hsHwYR8h3swY=",
      "requires": {
        "split": "^1.0.0"
      }
    },
    "postgres-array": {
      "version": "2.0.0",
      "resolved": "https://registry.npmjs.org/postgres-array/-/postgres-array-2.0.0.tgz",
      "integrity": "sha512-VpZrUqU5A69eQyW2c5CA1jtLecCsN2U/bD6VilrFDWq5+5UIEVO7nazS3TEcHf1zuPYO/sqGvUvW62g86RXZuA=="
    },
    "postgres-bytea": {
      "version": "1.0.0",
      "resolved": "https://registry.npmjs.org/postgres-bytea/-/postgres-bytea-1.0.0.tgz",
      "integrity": "sha1-AntTPAqokOJtFy1Hz5zOzFIazTU="
    },
    "postgres-date": {
      "version": "1.0.6",
      "resolved": "https://registry.npmjs.org/postgres-date/-/postgres-date-1.0.6.tgz",
      "integrity": "sha512-o2a4gxeFcox+CgB3Ig/kNHBP23PiEXHCXx7pcIIsvzoNz4qv+lKTyiSkjOXIMNUl12MO/mOYl2K6wR9X5K6Plg=="
    },
    "postgres-interval": {
      "version": "1.2.0",
      "resolved": "https://registry.npmjs.org/postgres-interval/-/postgres-interval-1.2.0.tgz",
      "integrity": "sha512-9ZhXKM/rw350N1ovuWHbGxnGh/SNJ4cnxHiM0rxE4VN41wsg8P8zWn9hv/buK00RP4WvlOyr/RBDiptyxVbkZQ==",
      "requires": {
        "xtend": "^4.0.0"
      }
    },
    "semver": {
      "version": "4.3.2",
      "resolved": "https://registry.npmjs.org/semver/-/semver-4.3.2.tgz",
      "integrity": "sha1-x6BxWKgL7dBSNVt3DYLWZA+AO+c="
    },
    "split": {
      "version": "1.0.1",
      "resolved": "https://registry.npmjs.org/split/-/split-1.0.1.tgz",
      "integrity": "sha512-mTyOoPbrivtXnwnIxZRFYRrPNtEFKlpB2fvjSnCQUiAA6qAZzqwna5envK4uk6OIeP17CsdF3rSBGYVBsU0Tkg==",
      "requires": {
        "through": "2"
      }
    },
    "through": {
      "version": "2.3.8",
      "resolved": "https://registry.npmjs.org/through/-/through-2.3.8.tgz",
      "integrity": "sha1-DdTJ/6q8NXlgsbckEV1+Doai4fU="
    },
    "ws": {
      "version": "7.3.1",
      "resolved": "https://registry.npmjs.org/ws/-/ws-7.3.1.tgz",
      "integrity": "sha512-D3RuNkynyHmEJIpD2qrgVkc9DQ23OrN/moAwZX4L8DfvszsJxpjQuUq3LMx6HoYji9fbIOBY18XWBsAux1ZZUA=="
    },
    "xtend": {
      "version": "4.0.2",
      "resolved": "https://registry.npmjs.org/xtend/-/xtend-4.0.2.tgz",
      "integrity": "sha512-LKYU1iAXJXUgAXn9URjiu+MWhyUXHsvfp7mcuYm9dSUKK0/CjtrUwFAxD82/mCWbtLsGjFIad0wIsod4zrTAEQ=="
    }
  }
}
